
Microsoft Visual Studio Solution File, Format Version 12.00
# Visual Studio Version 17
VisualStudioVersion = 17.11.35222.181
MinimumVisualStudioVersion = 10.0.40219.1
Project("{F184B08F-C81C-45F6-A57F-5ABD9991F28F}") = "pruebasin", "pruebasin\pruebasin.vbproj", "{D5D51D0A-E22B-4A0F-AB4E-86C50F9BAB06}"
EndProject
Global
	GlobalSection(SolutionConfigurationPlatforms) = preSolution
		Debug|Any CPU = Debug|Any CPU
		Release|Any CPU = Release|Any CPU
	EndGlobalSection
	GlobalSection(ProjectConfigurationPlatforms) = postSolution
		{D5D51D0A-E22B-4A0F-AB4E-86C50F9BAB06}.Debug|Any CPU.ActiveCfg = Debug|Any CPU
		{D5D51D0A-E22B-4A0F-AB4E-86C50F9BAB06}.Debug|Any CPU.Build.0 = Debug|Any CPU
		{D5D51D0A-E22B-4A0F-AB4E-86C50F9BAB06}.Release|Any CPU.ActiveCfg = Release|Any CPU
		{D5D51D0A-E22B-4A0F-AB4E-86C50F9BAB06}.Release|Any CPU.Build.0 = Release|Any CPU
	EndGlobalSection
	GlobalSection(SolutionProperties) = preSolution
		HideSolutionNode = FALSE
	EndGlobalSection
	GlobalSection(ExtensibilityGlobals) = postSolution
		SolutionGuid = {0AED89D4-7B4C-4322-A48E-65D257E87057}
	EndGlobalSection
EndGlobal
